// !$*UTF8*$!
{
	archiveVersion = 1;
	classes = {
	};
	objectVersion = 50;
	objects = {

/* Begin PBXBuildFile section */
		E31DC24823229A0B00926E23 /* AppDelegate.swift in Sources */ = {isa = PBXBuildFile; fileRef = E31DC24723229A0B00926E23 /* AppDelegate.swift */; };
		E31DC24A23229A0B00926E23 /* LiveCountViewController.swift in Sources */ = {isa = PBXBuildFile; fileRef = E31DC24923229A0B00926E23 /* LiveCountViewController.swift */; };
		E31DC24D23229A0B00926E23 /* Main.storyboard in Resources */ = {isa = PBXBuildFile; fileRef = E31DC24B23229A0B00926E23 /* Main.storyboard */; };
		E31DC24F23229A0C00926E23 /* Assets.xcassets in Resources */ = {isa = PBXBuildFile; fileRef = E31DC24E23229A0C00926E23 /* Assets.xcassets */; };
		E31DC25223229A0C00926E23 /* LaunchScreen.storyboard in Resources */ = {isa = PBXBuildFile; fileRef = E31DC25023229A0C00926E23 /* LaunchScreen.storyboard */; };
		E32FF1C1232B8F1F00D17336 /* Storyboarded.swift in Sources */ = {isa = PBXBuildFile; fileRef = E32FF1C0232B8F1F00D17336 /* Storyboarded.swift */; };
		E34B255B233CF802000B2196 /* UIImageOrientationExtension.swift in Sources */ = {isa = PBXBuildFile; fileRef = E34B255A233CF802000B2196 /* UIImageOrientationExtension.swift */; };
		E3632E452322B0C70051BC63 /* SelectionBoxContainer.swift in Sources */ = {isa = PBXBuildFile; fileRef = E3632E442322B0C70051BC63 /* SelectionBoxContainer.swift */; };
		E3632E472322C9830051BC63 /* CoreGraphicsExtensions.swift in Sources */ = {isa = PBXBuildFile; fileRef = E3632E462322C9830051BC63 /* CoreGraphicsExtensions.swift */; };
		E3632E492323DC270051BC63 /* AVCaptureVideoOrientationExtension.swift in Sources */ = {isa = PBXBuildFile; fileRef = E3632E482323DC270051BC63 /* AVCaptureVideoOrientationExtension.swift */; };
		E367438123251CAC0008BCEC /* MenuViewController.swift in Sources */ = {isa = PBXBuildFile; fileRef = E367438023251CAC0008BCEC /* MenuViewController.swift */; };
		E36743832325568E0008BCEC /* ImageCountViewController.swift in Sources */ = {isa = PBXBuildFile; fileRef = E36743822325568E0008BCEC /* ImageCountViewController.swift */; };
		E398E752233AA62E0027916E /* UIImageViewExtension.swift in Sources */ = {isa = PBXBuildFile; fileRef = E398E751233AA62E0027916E /* UIImageViewExtension.swift */; };
		E3B9EA6E232429F3004A0269 /* LiveCountViewControllerVideoInit.swift in Sources */ = {isa = PBXBuildFile; fileRef = E3B9EA6D232429F3004A0269 /* LiveCountViewControllerVideoInit.swift */; };
		E3B9EA7023242B49004A0269 /* LiveCountViewControllerRecognition.swift in Sources */ = {isa = PBXBuildFile; fileRef = E3B9EA6F23242B49004A0269 /* LiveCountViewControllerRecognition.swift */; };
/* End PBXBuildFile section */

/* Begin PBXFileReference section */
		E31DC24423229A0B00926E23 /* PersonCounter.app */ = {isa = PBXFileReference; explicitFileType = wrapper.application; includeInIndex = 0; path = PersonCounter.app; sourceTree = BUILT_PRODUCTS_DIR; };
		E31DC24723229A0B00926E23 /* AppDelegate.swift */ = {isa = PBXFileReference; lastKnownFileType = sourcecode.swift; path = AppDelegate.swift; sourceTree = "<group>"; };
		E31DC24923229A0B00926E23 /* LiveCountViewController.swift */ = {isa = PBXFileReference; lastKnownFileType = sourcecode.swift; path = LiveCountViewController.swift; sourceTree = "<group>"; };
		E31DC24C23229A0B00926E23 /* Base */ = {isa = PBXFileReference; lastKnownFileType = file.storyboard; name = Base; path = Base.lproj/Main.storyboard; sourceTree = "<group>"; };
		E31DC24E23229A0C00926E23 /* Assets.xcassets */ = {isa = PBXFileReference; lastKnownFileType = folder.assetcatalog; path = Assets.xcassets; sourceTree = "<group>"; };
		E31DC25123229A0C00926E23 /* Base */ = {isa = PBXFileReference; lastKnownFileType = file.storyboard; name = Base; path = Base.lproj/LaunchScreen.storyboard; sourceTree = "<group>"; };
		E31DC25323229A0C00926E23 /* Info.plist */ = {isa = PBXFileReference; lastKnownFileType = text.plist.xml; path = Info.plist; sourceTree = "<group>"; };
		E32FF1C0232B8F1F00D17336 /* Storyboarded.swift */ = {isa = PBXFileReference; lastKnownFileType = sourcecode.swift; path = Storyboarded.swift; sourceTree = "<group>"; };
		E34B255A233CF802000B2196 /* UIImageOrientationExtension.swift */ = {isa = PBXFileReference; lastKnownFileType = sourcecode.swift; path = UIImageOrientationExtension.swift; sourceTree = "<group>"; };
		E3632E442322B0C70051BC63 /* SelectionBoxContainer.swift */ = {isa = PBXFileReference; lastKnownFileType = sourcecode.swift; path = SelectionBoxContainer.swift; sourceTree = "<group>"; };
		E3632E462322C9830051BC63 /* CoreGraphicsExtensions.swift */ = {isa = PBXFileReference; fileEncoding = 4; lastKnownFileType = sourcecode.swift; path = CoreGraphicsExtensions.swift; sourceTree = "<group>"; };
		E3632E482323DC270051BC63 /* AVCaptureVideoOrientationExtension.swift */ = {isa = PBXFileReference; lastKnownFileType = sourcecode.swift; path = AVCaptureVideoOrientationExtension.swift; sourceTree = "<group>"; };
		E367438023251CAC0008BCEC /* MenuViewController.swift */ = {isa = PBXFileReference; lastKnownFileType = sourcecode.swift; path = MenuViewController.swift; sourceTree = "<group>"; };
		E36743822325568E0008BCEC /* ImageCountViewController.swift */ = {isa = PBXFileReference; lastKnownFileType = sourcecode.swift; path = ImageCountViewController.swift; sourceTree = "<group>"; };
		E398E751233AA62E0027916E /* UIImageViewExtension.swift */ = {isa = PBXFileReference; lastKnownFileType = sourcecode.swift; path = UIImageViewExtension.swift; sourceTree = "<group>"; };
		E3B9EA6D232429F3004A0269 /* LiveCountViewControllerVideoInit.swift */ = {isa = PBXFileReference; lastKnownFileType = sourcecode.swift; path = LiveCountViewControllerVideoInit.swift; sourceTree = "<group>"; };
		E3B9EA6F23242B49004A0269 /* LiveCountViewControllerRecognition.swift */ = {isa = PBXFileReference; lastKnownFileType = sourcecode.swift; path = LiveCountViewControllerRecognition.swift; sourceTree = "<group>"; };
/* End PBXFileReference section */

/* Begin PBXFrameworksBuildPhase section */
		E31DC24123229A0B00926E23 /* Frameworks */ = {
			isa = PBXFrameworksBuildPhase;
			buildActionMask = 2147483647;
			files = (
			);
			runOnlyForDeploymentPostprocessing = 0;
		};
/* End PBXFrameworksBuildPhase section */

/* Begin PBXGroup section */
		E31DC23B23229A0B00926E23 = {
			isa = PBXGroup;
			children = (
				E31DC24623229A0B00926E23 /* PersonCounter */,
				E31DC24523229A0B00926E23 /* Products */,
			);
			sourceTree = "<group>";
		};
		E31DC24523229A0B00926E23 /* Products */ = {
			isa = PBXGroup;
			children = (
				E31DC24423229A0B00926E23 /* PersonCounter.app */,
			);
			name = Products;
			sourceTree = "<group>";
		};
		E31DC24623229A0B00926E23 /* PersonCounter */ = {
			isa = PBXGroup;
			children = (
				E32FF1C2232B8F2700D17336 /* Protocols */,
				E31DC24723229A0B00926E23 /* AppDelegate.swift */,
				E367438023251CAC0008BCEC /* MenuViewController.swift */,
				E36743822325568E0008BCEC /* ImageCountViewController.swift */,
				E3B9EA6C232405F7004A0269 /* LiveCountViewController */,
				E398E757233AB0360027916E /* Reusables */,
				E3B9EA6B232405BC004A0269 /* Extensions */,
				E31DC24B23229A0B00926E23 /* Main.storyboard */,
				E31DC24E23229A0C00926E23 /* Assets.xcassets */,
				E31DC25023229A0C00926E23 /* LaunchScreen.storyboard */,
				E31DC25323229A0C00926E23 /* Info.plist */,
			);
			path = PersonCounter;
			sourceTree = "<group>";
		};
		E32FF1C2232B8F2700D17336 /* Protocols */ = {
			isa = PBXGroup;
			children = (
				E32FF1C0232B8F1F00D17336 /* Storyboarded.swift */,
			);
			path = Protocols;
			sourceTree = "<group>";
		};
		E398E757233AB0360027916E /* Reusables */ = {
			isa = PBXGroup;
			children = (
				E3632E442322B0C70051BC63 /* SelectionBoxContainer.swift */,
			);
			path = Reusables;
			sourceTree = "<group>";
		};
		E3B9EA6B232405BC004A0269 /* Extensions */ = {
			isa = PBXGroup;
			children = (
				E3632E462322C9830051BC63 /* CoreGraphicsExtensions.swift */,
				E398E751233AA62E0027916E /* UIImageViewExtension.swift */,
				E3632E482323DC270051BC63 /* AVCaptureVideoOrientationExtension.swift */,
				E34B255A233CF802000B2196 /* UIImageOrientationExtension.swift */,
			);
			path = Extensions;
			sourceTree = "<group>";
		};
		E3B9EA6C232405F7004A0269 /* LiveCountViewController */ = {
			isa = PBXGroup;
			children = (
				E31DC24923229A0B00926E23 /* LiveCountViewController.swift */,
				E3B9EA6D232429F3004A0269 /* LiveCountViewControllerVideoInit.swift */,
				E3B9EA6F23242B49004A0269 /* LiveCountViewControllerRecognition.swift */,
			);
			path = LiveCountViewController;
			sourceTree = "<group>";
		};
/* End PBXGroup section */

/* Begin PBXNativeTarget section */
		E31DC24323229A0B00926E23 /* PersonCounter */ = {
			isa = PBXNativeTarget;
			buildConfigurationList = E31DC25623229A0C00926E23 /* Build configuration list for PBXNativeTarget "PersonCounter" */;
			buildPhases = (
				E31DC24023229A0B00926E23 /* Sources */,
				E31DC24123229A0B00926E23 /* Frameworks */,
				E31DC24223229A0B00926E23 /* Resources */,
				E31DC25A23229D6500926E23 /* ShellScript */,
			);
			buildRules = (
			);
			dependencies = (
			);
			name = PersonCounter;
			productName = PersonCounter;
			productReference = E31DC24423229A0B00926E23 /* PersonCounter.app */;
			productType = "com.apple.product-type.application";
		};
/* End PBXNativeTarget section */

/* Begin PBXProject section */
		E31DC23C23229A0B00926E23 /* Project object */ = {
			isa = PBXProject;
			attributes = {
				LastSwiftUpdateCheck = 1030;
				LastUpgradeCheck = 1030;
				ORGANIZATIONNAME = "Collin Hemeltjen";
				TargetAttributes = {
					E31DC24323229A0B00926E23 = {
						CreatedOnToolsVersion = 10.3;
					};
				};
			};
			buildConfigurationList = E31DC23F23229A0B00926E23 /* Build configuration list for PBXProject "PersonCounter" */;
			compatibilityVersion = "Xcode 9.3";
			developmentRegion = en;
			hasScannedForEncodings = 0;
			knownRegions = (
				en,
				Base,
			);
			mainGroup = E31DC23B23229A0B00926E23;
			productRefGroup = E31DC24523229A0B00926E23 /* Products */;
			projectDirPath = "";
			projectRoot = "";
			targets = (
				E31DC24323229A0B00926E23 /* PersonCounter */,
			);
		};
/* End PBXProject section */

/* Begin PBXResourcesBuildPhase section */
		E31DC24223229A0B00926E23 /* Resources */ = {
			isa = PBXResourcesBuildPhase;
			buildActionMask = 2147483647;
			files = (
				E31DC25223229A0C00926E23 /* LaunchScreen.storyboard in Resources */,
				E31DC24F23229A0C00926E23 /* Assets.xcassets in Resources */,
				E31DC24D23229A0B00926E23 /* Main.storyboard in Resources */,
			);
			runOnlyForDeploymentPostprocessing = 0;
		};
/* End PBXResourcesBuildPhase section */

/* Begin PBXShellScriptBuildPhase section */
		E31DC25A23229D6500926E23 /* ShellScript */ = {
			isa = PBXShellScriptBuildPhase;
			buildActionMask = 2147483647;
			files = (
			);
			inputFileListPaths = (
			);
			inputPaths = (
			);
			outputFileListPaths = (
			);
			outputPaths = (
			);
			runOnlyForDeploymentPostprocessing = 0;
			shellPath = /bin/sh;
			shellScript = "# Type a script or drag a script file from your workspace to insert its path.\nif which swiftlint >/dev/null; then\nswiftlint\nelse\necho \"warning: SwiftLint not installed, download from https://github.com/realm/SwiftLint\"\nfi\n";
		};
/* End PBXShellScriptBuildPhase section */

/* Begin PBXSourcesBuildPhase section */
		E31DC24023229A0B00926E23 /* Sources */ = {
			isa = PBXSourcesBuildPhase;
			buildActionMask = 2147483647;
			files = (
				E31DC24A23229A0B00926E23 /* LiveCountViewController.swift in Sources */,
				E3632E472322C9830051BC63 /* CoreGraphicsExtensions.swift in Sources */,
				E3B9EA6E232429F3004A0269 /* LiveCountViewControllerVideoInit.swift in Sources */,
				E3632E452322B0C70051BC63 /* SelectionBoxContainer.swift in Sources */,
				E3B9EA7023242B49004A0269 /* LiveCountViewControllerRecognition.swift in Sources */,
				E31DC24823229A0B00926E23 /* AppDelegate.swift in Sources */,
				E34B255B233CF802000B2196 /* UIImageOrientationExtension.swift in Sources */,
				E398E752233AA62E0027916E /* UIImageViewExtension.swift in Sources */,
				E3632E492323DC270051BC63 /* AVCaptureVideoOrientationExtension.swift in Sources */,
				E32FF1C1232B8F1F00D17336 /* Storyboarded.swift in Sources */,
				E367438123251CAC0008BCEC /* MenuViewController.swift in Sources */,
				E36743832325568E0008BCEC /* ImageCountViewController.swift in Sources */,
			);
			runOnlyForDeploymentPostprocessing = 0;
		};
/* End PBXSourcesBuildPhase section */

/* Begin PBXVariantGroup section */
		E31DC24B23229A0B00926E23 /* Main.storyboard */ = {
			isa = PBXVariantGroup;
			children = (
				E31DC24C23229A0B00926E23 /* Base */,
			);
			name = Main.storyboard;
			sourceTree = "<group>";
		};
		E31DC25023229A0C00926E23 /* LaunchScreen.storyboard */ = {
			isa = PBXVariantGroup;
			children = (
				E31DC25123229A0C00926E23 /* Base */,
			);
			name = LaunchScreen.storyboard;
			sourceTree = "<group>";
		};
/* End PBXVariantGroup section */

/* Begin XCBuildConfiguration section */
		E31DC25423229A0C00926E23 /* Debug */ = {
			isa = XCBuildConfiguration;
			buildSettings = {
				ALWAYS_SEARCH_USER_PATHS = NO;
				CLANG_ANALYZER_NONNULL = YES;
				CLANG_ANALYZER_NUMBER_OBJECT_CONVERSION = YES_AGGRESSIVE;
				CLANG_CXX_LANGUAGE_STANDARD = "gnu++14";
				CLANG_CXX_LIBRARY = "libc++";
				CLANG_ENABLE_MODULES = YES;
				CLANG_ENABLE_OBJC_ARC = YES;
				CLANG_ENABLE_OBJC_WEAK = YES;
				CLANG_WARN_BLOCK_CAPTURE_AUTORELEASING = YES;
				CLANG_WARN_BOOL_CONVERSION = YES;
				CLANG_WARN_COMMA = YES;
				CLANG_WARN_CONSTANT_CONVERSION = YES;
				CLANG_WARN_DEPRECATED_OBJC_IMPLEMENTATIONS = YES;
				CLANG_WARN_DIRECT_OBJC_ISA_USAGE = YES_ERROR;
				CLANG_WARN_DOCUMENTATION_COMMENTS = YES;
				CLANG_WARN_EMPTY_BODY = YES;
				CLANG_WARN_ENUM_CONVERSION = YES;
				CLANG_WARN_INFINITE_RECURSION = YES;
				CLANG_WARN_INT_CONVERSION = YES;
				CLANG_WARN_NON_LITERAL_NULL_CONVERSION = YES;
				CLANG_WARN_OBJC_IMPLICIT_RETAIN_SELF = YES;
				CLANG_WARN_OBJC_LITERAL_CONVERSION = YES;
				CLANG_WARN_OBJC_ROOT_CLASS = YES_ERROR;
				CLANG_WARN_RANGE_LOOP_ANALYSIS = YES;
				CLANG_WARN_STRICT_PROTOTYPES = YES;
				CLANG_WARN_SUSPICIOUS_MOVE = YES;
				CLANG_WARN_UNGUARDED_AVAILABILITY = YES_AGGRESSIVE;
				CLANG_WARN_UNREACHABLE_CODE = YES;
				CLANG_WARN__DUPLICATE_METHOD_MATCH = YES;
				CODE_SIGN_IDENTITY = "iPhone Developer";
				COPY_PHASE_STRIP = NO;
				DEBUG_INFORMATION_FORMAT = dwarf;
				ENABLE_STRICT_OBJC_MSGSEND = YES;
				ENABLE_TESTABILITY = YES;
				GCC_C_LANGUAGE_STANDARD = gnu11;
				GCC_DYNAMIC_NO_PIC = NO;
				GCC_NO_COMMON_BLOCKS = YES;
				GCC_OPTIMIZATION_LEVEL = 0;
				GCC_PREPROCESSOR_DEFINITIONS = (
					"DEBUG=1",
					"$(inherited)",
				);
				GCC_WARN_64_TO_32_BIT_CONVERSION = YES;
				GCC_WARN_ABOUT_RETURN_TYPE = YES_ERROR;
				GCC_WARN_UNDECLARED_SELECTOR = YES;
				GCC_WARN_UNINITIALIZED_AUTOS = YES_AGGRESSIVE;
				GCC_WARN_UNUSED_FUNCTION = YES;
				GCC_WARN_UNUSED_VARIABLE = YES;
				IPHONEOS_DEPLOYMENT_TARGET = 12.4;
				MTL_ENABLE_DEBUG_INFO = INCLUDE_SOURCE;
				MTL_FAST_MATH = YES;
				ONLY_ACTIVE_ARCH = YES;
				SDKROOT = iphoneos;
				SWIFT_ACTIVE_COMPILATION_CONDITIONS = DEBUG;
				SWIFT_OPTIMIZATION_LEVEL = "-Onone";
			};
			name = Debug;
		};
		E31DC25523229A0C00926E23 /* Release */ = {
			isa = XCBuildConfiguration;
			buildSettings = {
				ALWAYS_SEARCH_USER_PATHS = NO;
				CLANG_ANALYZER_NONNULL = YES;
				CLANG_ANALYZER_NUMBER_OBJECT_CONVERSION = YES_AGGRESSIVE;
				CLANG_CXX_LANGUAGE_STANDARD = "gnu++14";
				CLANG_CXX_LIBRARY = "libc++";
				CLANG_ENABLE_MODULES = YES;
				CLANG_ENABLE_OBJC_ARC = YES;
				CLANG_ENABLE_OBJC_WEAK = YES;
				CLANG_WARN_BLOCK_CAPTURE_AUTORELEASING = YES;
				CLANG_WARN_BOOL_CONVERSION = YES;
				CLANG_WARN_COMMA = YES;
				CLANG_WARN_CONSTANT_CONVERSION = YES;
				CLANG_WARN_DEPRECATED_OBJC_IMPLEMENTATIONS = YES;
				CLANG_WARN_DIRECT_OBJC_ISA_USAGE = YES_ERROR;
				CLANG_WARN_DOCUMENTATION_COMMENTS = YES;
				CLANG_WARN_EMPTY_BODY = YES;
				CLANG_WARN_ENUM_CONVERSION = YES;
				CLANG_WARN_INFINITE_RECURSION = YES;
				CLANG_WARN_INT_CONVERSION = YES;
				CLANG_WARN_NON_LITERAL_NULL_CONVERSION = YES;
				CLANG_WARN_OBJC_IMPLICIT_RETAIN_SELF = YES;
				CLANG_WARN_OBJC_LITERAL_CONVERSION = YES;
				CLANG_WARN_OBJC_ROOT_CLASS = YES_ERROR;
				CLANG_WARN_RANGE_LOOP_ANALYSIS = YES;
				CLANG_WARN_STRICT_PROTOTYPES = YES;
				CLANG_WARN_SUSPICIOUS_MOVE = YES;
				CLANG_WARN_UNGUARDED_AVAILABILITY = YES_AGGRESSIVE;
				CLANG_WARN_UNREACHABLE_CODE = YES;
				CLANG_WARN__DUPLICATE_METHOD_MATCH = YES;
				CODE_SIGN_IDENTITY = "iPhone Developer";
				COPY_PHASE_STRIP = NO;
				DEBUG_INFORMATION_FORMAT = "dwarf-with-dsym";
				ENABLE_NS_ASSERTIONS = NO;
				ENABLE_STRICT_OBJC_MSGSEND = YES;
				GCC_C_LANGUAGE_STANDARD = gnu11;
				GCC_NO_COMMON_BLOCKS = YES;
				GCC_WARN_64_TO_32_BIT_CONVERSION = YES;
				GCC_WARN_ABOUT_RETURN_TYPE = YES_ERROR;
				GCC_WARN_UNDECLARED_SELECTOR = YES;
				GCC_WARN_UNINITIALIZED_AUTOS = YES_AGGRESSIVE;
				GCC_WARN_UNUSED_FUNCTION = YES;
				GCC_WARN_UNUSED_VARIABLE = YES;
				IPHONEOS_DEPLOYMENT_TARGET = 12.4;
				MTL_ENABLE_DEBUG_INFO = NO;
				MTL_FAST_MATH = YES;
				SDKROOT = iphoneos;
				SWIFT_COMPILATION_MODE = wholemodule;
				SWIFT_OPTIMIZATION_LEVEL = "-O";
				VALIDATE_PRODUCT = YES;
			};
			name = Release;
		};
		E31DC25723229A0C00926E23 /* Debug */ = {
			isa = XCBuildConfiguration;
			buildSettings = {
				ASSETCATALOG_COMPILER_APPICON_NAME = AppIcon;
				CODE_SIGN_STYLE = Automatic;
				DEVELOPMENT_TEAM = B33DSMTN2L;
				INFOPLIST_FILE = PersonCounter/Info.plist;
				IPHONEOS_DEPLOYMENT_TARGET = 12.1;
				LD_RUNPATH_SEARCH_PATHS = (
					"$(inherited)",
					"@executable_path/Frameworks",
				);
				PRODUCT_BUNDLE_IDENTIFIER = com.hemeltjen.PersonCounter;
				PRODUCT_NAME = "$(TARGET_NAME)";
				SWIFT_VERSION = 5.0;
				TARGETED_DEVICE_FAMILY = "1,2";
			};
			name = Debug;
		};
		E31DC25823229A0C00926E23 /* Release */ = {
			isa = XCBuildConfiguration;
			buildSettings = {
				ASSETCATALOG_COMPILER_APPICON_NAME = AppIcon;
				CODE_SIGN_STYLE = Automatic;
				DEVELOPMENT_TEAM = B33DSMTN2L;
				INFOPLIST_FILE = PersonCounter/Info.plist;
				IPHONEOS_DEPLOYMENT_TARGET = 12.1;
				LD_RUNPATH_SEARCH_PATHS = (
					"$(inherited)",
					"@executable_path/Frameworks",
				);
				PRODUCT_BUNDLE_IDENTIFIER = com.hemeltjen.PersonCounter;
				PRODUCT_NAME = "$(TARGET_NAME)";
				SWIFT_VERSION = 5.0;
				TARGETED_DEVICE_FAMILY = "1,2";
			};
			name = Release;
		};
/* End XCBuildConfiguration section */

/* Begin XCConfigurationList section */
		E31DC23F23229A0B00926E23 /* Build configuration list for PBXProject "PersonCounter" */ = {
			isa = XCConfigurationList;
			buildConfigurations = (
				E31DC25423229A0C00926E23 /* Debug */,
				E31DC25523229A0C00926E23 /* Release */,
			);
			defaultConfigurationIsVisible = 0;
			defaultConfigurationName = Release;
		};
		E31DC25623229A0C00926E23 /* Build configuration list for PBXNativeTarget "PersonCounter" */ = {
			isa = XCConfigurationList;
			buildConfigurations = (
				E31DC25723229A0C00926E23 /* Debug */,
				E31DC25823229A0C00926E23 /* Release */,
			);
			defaultConfigurationIsVisible = 0;
			defaultConfigurationName = Release;
		};
/* End XCConfigurationList section */
	};
	rootObject = E31DC23C23229A0B00926E23 /* Project object */;
}
